
Microsoft Visual Studio Solution File, Format Version 12.00
# Visual Studio 15
VisualStudioVersion = 15.0.26430.6
MinimumVisualStudioVersion = 10.0.40219.1
Project("{FAE04EC0-301F-11D3-BF4B-00C04F79EFBC}") = "Restoran", "Restoran\Restoran.csproj", "{09DDECF0-D4CB-443A-B024-669691F58A53}"
EndProject
Project("{FAE04EC0-301F-11D3-BF4B-00C04F79EFBC}") = "Restoran.Tests", "Restoran.Tests\Restoran.Tests.csproj", "{1B77C3D6-2861-449B-8C4B-1EB1FDF627D0}"
EndProject
Global
	GlobalSection(SolutionConfigurationPlatforms) = preSolution
		Debug|Any CPU = Debug|Any CPU
		Release|Any CPU = Release|Any CPU
	EndGlobalSection
	GlobalSection(ProjectConfigurationPlatforms) = postSolution
		{09DDECF0-D4CB-443A-B024-669691F58A53}.Debug|Any CPU.ActiveCfg = Debug|Any CPU
		{09DDECF0-D4CB-443A-B024-669691F58A53}.Debug|Any CPU.Build.0 = Debug|Any CPU
		{09DDECF0-D4CB-443A-B024-669691F58A53}.Release|Any CPU.ActiveCfg = Release|Any CPU
		{09DDECF0-D4CB-443A-B024-669691F58A53}.Release|Any CPU.Build.0 = Release|Any CPU
		{1B77C3D6-2861-449B-8C4B-1EB1FDF627D0}.Debug|Any CPU.ActiveCfg = Debug|Any CPU
		{1B77C3D6-2861-449B-8C4B-1EB1FDF627D0}.Debug|Any CPU.Build.0 = Debug|Any CPU
		{1B77C3D6-2861-449B-8C4B-1EB1FDF627D0}.Release|Any CPU.ActiveCfg = Release|Any CPU
		{1B77C3D6-2861-449B-8C4B-1EB1FDF627D0}.Release|Any CPU.Build.0 = Release|Any CPU
	EndGlobalSection
	GlobalSection(SolutionProperties) = preSolution
		HideSolutionNode = FALSE
	EndGlobalSection
EndGlobal
